
Microsoft Visual Studio Solution File, Format Version 12.00
# Visual Studio Version 17
VisualStudioVersion = 17.7.34202.233
MinimumVisualStudioVersion = 10.0.40219.1
Project("{9A19103F-16F7-4668-BE54-9A1E7A4F7556}") = "Hrpage", "Hrpage.csproj", "{24A3310B-746F-4A66-AA14-287C3DA633AE}"
EndProject
Global
	GlobalSection(SolutionConfigurationPlatforms) = preSolution
		Debug|Any CPU = Debug|Any CPU
		Release|Any CPU = Release|Any CPU
	EndGlobalSection
	GlobalSection(ProjectConfigurationPlatforms) = postSolution
		{24A3310B-746F-4A66-AA14-287C3DA633AE}.Debug|Any CPU.ActiveCfg = Debug|Any CPU
		{24A3310B-746F-4A66-AA14-287C3DA633AE}.Debug|Any CPU.Build.0 = Debug|Any CPU
		{24A3310B-746F-4A66-AA14-287C3DA633AE}.Release|Any CPU.ActiveCfg = Release|Any CPU
		{24A3310B-746F-4A66-AA14-287C3DA633AE}.Release|Any CPU.Build.0 = Release|Any CPU
	EndGlobalSection
	GlobalSection(SolutionProperties) = preSolution
		HideSolutionNode = FALSE
	EndGlobalSection
	GlobalSection(ExtensibilityGlobals) = postSolution
		SolutionGuid = {5E2A35CB-8A73-4D96-BF3D-53CFEB16FE35}
	EndGlobalSection
EndGlobal
